
Microsoft Visual Studio Solution File, Format Version 12.00
# Visual Studio Version 16
VisualStudioVersion = 16.0.29409.12
MinimumVisualStudioVersion = 10.0.40219.1
Project("{FAE04EC0-301F-11D3-BF4B-00C04F79EFBC}") = "221903051_ugurberkonder", "221903051_ugurberkonder\221903051_ugurberkonder.csproj", "{A8C10FCB-FCCC-4281-8C4D-C9F8FF8B800F}"
EndProject
Global
	GlobalSection(SolutionConfigurationPlatforms) = preSolution
		Debug|Any CPU = Debug|Any CPU
		Release|Any CPU = Release|Any CPU
	EndGlobalSection
	GlobalSection(ProjectConfigurationPlatforms) = postSolution
		{A8C10FCB-FCCC-4281-8C4D-C9F8FF8B800F}.Debug|Any CPU.ActiveCfg = Debug|Any CPU
		{A8C10FCB-FCCC-4281-8C4D-C9F8FF8B800F}.Debug|Any CPU.Build.0 = Debug|Any CPU
		{A8C10FCB-FCCC-4281-8C4D-C9F8FF8B800F}.Release|Any CPU.ActiveCfg = Release|Any CPU
		{A8C10FCB-FCCC-4281-8C4D-C9F8FF8B800F}.Release|Any CPU.Build.0 = Release|Any CPU
	EndGlobalSection
	GlobalSection(SolutionProperties) = preSolution
		HideSolutionNode = FALSE
	EndGlobalSection
	GlobalSection(ExtensibilityGlobals) = postSolution
		SolutionGuid = {7C78118D-8082-436F-8BC4-B1E0C035F511}
	EndGlobalSection
EndGlobal
